
Microsoft Visual Studio Solution File, Format Version 12.00
# Visual Studio Version 16
VisualStudioVersion = 16.0.29424.173
MinimumVisualStudioVersion = 10.0.40219.1
Project("{FAE04EC0-301F-11D3-BF4B-00C04F79EFBC}") = "PrimeiroLinq", "PrimeiroLinq\PrimeiroLinq.csproj", "{9E4791B6-269F-4991-B90B-79858F6C0BEC}"
EndProject
Global
	GlobalSection(SolutionConfigurationPlatforms) = preSolution
		Debug|Any CPU = Debug|Any CPU
		Release|Any CPU = Release|Any CPU
	EndGlobalSection
	GlobalSection(ProjectConfigurationPlatforms) = postSolution
		{9E4791B6-269F-4991-B90B-79858F6C0BEC}.Debug|Any CPU.ActiveCfg = Debug|Any CPU
		{9E4791B6-269F-4991-B90B-79858F6C0BEC}.Debug|Any CPU.Build.0 = Debug|Any CPU
		{9E4791B6-269F-4991-B90B-79858F6C0BEC}.Release|Any CPU.ActiveCfg = Release|Any CPU
		{9E4791B6-269F-4991-B90B-79858F6C0BEC}.Release|Any CPU.Build.0 = Release|Any CPU
	EndGlobalSection
	GlobalSection(SolutionProperties) = preSolution
		HideSolutionNode = FALSE
	EndGlobalSection
	GlobalSection(ExtensibilityGlobals) = postSolution
		SolutionGuid = {0BB39CB8-1EC8-49AA-8AC9-46A61B12D517}
	EndGlobalSection
EndGlobal
